// !$*UTF8*$!
{
	archiveVersion = 1;
	classes = {
	};
	objectVersion = 45;
	objects = {

/* Begin PBXBuildFile section */
		DC22B7BF13102B190057F173 /* rw_functions.cpp in Sources */ = {isa = PBXBuildFile; fileRef = DC22B7BE13102B190057F173 /* rw_functions.cpp */; };
		DC3D9BA4130E962500A85AE2 /* first_sync.cpp in Sources */ = {isa = PBXBuildFile; fileRef = DC3D9BA2130E962400A85AE2 /* first_sync.cpp */; };
		DC4BEC03130C613C00BED0F7 /* objects.cpp in Sources */ = {isa = PBXBuildFile; fileRef = DC4BEC01130C613C00BED0F7 /* objects.cpp */; };
		DC93699E1315859F0087E98A /* notificationMonitor.cpp in Sources */ = {isa = PBXBuildFile; fileRef = DC93699D1315859F0087E98A /* notificationMonitor.cpp */; };
		DCB4AAB6130F247E0004C7BF /* mirror.cpp in Sources */ = {isa = PBXBuildFile; fileRef = DCB4AAB5130F247E0004C7BF /* mirror.cpp */; };
/* End PBXBuildFile section */

/* Begin PBXCopyFilesBuildPhase section */
		8DD76F690486A84900D96B5E /* CopyFiles */ = {
			isa = PBXCopyFilesBuildPhase;
			buildActionMask = 8;
			dstPath = /usr/share/man/man1/;
			dstSubfolderSpec = 0;
			files = (
			);
			runOnlyForDeploymentPostprocessing = 1;
		};
/* End PBXCopyFilesBuildPhase section */

/* Begin PBXFileReference section */
		DC22B7BD13102B190057F173 /* rw_functions.h */ = {isa = PBXFileReference; fileEncoding = 4; lastKnownFileType = sourcecode.c.h; path = rw_functions.h; sourceTree = "<group>"; };
		DC22B7BE13102B190057F173 /* rw_functions.cpp */ = {isa = PBXFileReference; fileEncoding = 4; lastKnownFileType = sourcecode.cpp.cpp; path = rw_functions.cpp; sourceTree = "<group>"; };
		DC22B7C013102B2B0057F173 /* generalHeaders.h */ = {isa = PBXFileReference; fileEncoding = 4; lastKnownFileType = sourcecode.c.h; path = generalHeaders.h; sourceTree = "<group>"; };
		DC3D9BA2130E962400A85AE2 /* first_sync.cpp */ = {isa = PBXFileReference; fileEncoding = 4; lastKnownFileType = sourcecode.cpp.cpp; path = first_sync.cpp; sourceTree = "<group>"; };
		DC3D9BA3130E962400A85AE2 /* first_sync.h */ = {isa = PBXFileReference; fileEncoding = 4; lastKnownFileType = sourcecode.c.h; path = first_sync.h; sourceTree = "<group>"; };
		DC4BEC01130C613C00BED0F7 /* objects.cpp */ = {isa = PBXFileReference; fileEncoding = 4; lastKnownFileType = sourcecode.cpp.cpp; path = objects.cpp; sourceTree = "<group>"; };
		DC4BEC02130C613C00BED0F7 /* objects.h */ = {isa = PBXFileReference; fileEncoding = 4; lastKnownFileType = sourcecode.c.h; path = objects.h; sourceTree = "<group>"; };
		DC93699C1315859F0087E98A /* notificationMonitor.h */ = {isa = PBXFileReference; fileEncoding = 4; lastKnownFileType = sourcecode.c.h; path = notificationMonitor.h; sourceTree = "<group>"; };
		DC93699D1315859F0087E98A /* notificationMonitor.cpp */ = {isa = PBXFileReference; fileEncoding = 4; lastKnownFileType = sourcecode.cpp.cpp; path = notificationMonitor.cpp; sourceTree = "<group>"; };
		DCB4AAAF130F07A80004C7BF /* mirror */ = {isa = PBXFileReference; explicitFileType = "compiled.mach-o.executable"; includeInIndex = 0; path = mirror; sourceTree = BUILT_PRODUCTS_DIR; };
		DCB4AAB4130F247E0004C7BF /* mirror.h */ = {isa = PBXFileReference; fileEncoding = 4; lastKnownFileType = sourcecode.c.h; path = mirror.h; sourceTree = "<group>"; };
		DCB4AAB5130F247E0004C7BF /* mirror.cpp */ = {isa = PBXFileReference; fileEncoding = 4; lastKnownFileType = sourcecode.cpp.cpp; path = mirror.cpp; sourceTree = "<group>"; };
/* End PBXFileReference section */

/* Begin PBXFrameworksBuildPhase section */
		8DD76F660486A84900D96B5E /* Frameworks */ = {
			isa = PBXFrameworksBuildPhase;
			buildActionMask = 2147483647;
			files = (
			);
			runOnlyForDeploymentPostprocessing = 0;
		};
/* End PBXFrameworksBuildPhase section */

/* Begin PBXGroup section */
		08FB7794FE84155DC02AAC07 /* mirror */ = {
			isa = PBXGroup;
			children = (
				DC22B7BD13102B190057F173 /* rw_functions.h */,
				DC22B7BE13102B190057F173 /* rw_functions.cpp */,
				DC4BEC01130C613C00BED0F7 /* objects.cpp */,
				DC4BEC02130C613C00BED0F7 /* objects.h */,
				DC93699C1315859F0087E98A /* notificationMonitor.h */,
				DC93699D1315859F0087E98A /* notificationMonitor.cpp */,
				DC3D9BA2130E962400A85AE2 /* first_sync.cpp */,
				DC3D9BA3130E962400A85AE2 /* first_sync.h */,
				DCB4AAAF130F07A80004C7BF /* mirror */,
				DCB4AAB4130F247E0004C7BF /* mirror.h */,
				DCB4AAB5130F247E0004C7BF /* mirror.cpp */,
				DC22B7C013102B2B0057F173 /* generalHeaders.h */,
			);
			name = mirror;
			sourceTree = "<group>";
		};
/* End PBXGroup section */

/* Begin PBXNativeTarget section */
		8DD76F620486A84900D96B5E /* mirror */ = {
			isa = PBXNativeTarget;
			buildConfigurationList = 1DEB923108733DC60010E9CD /* Build configuration list for PBXNativeTarget "mirror" */;
			buildPhases = (
				8DD76F640486A84900D96B5E /* Sources */,
				8DD76F660486A84900D96B5E /* Frameworks */,
				8DD76F690486A84900D96B5E /* CopyFiles */,
			);
			buildRules = (
			);
			dependencies = (
			);
			name = mirror;
			productInstallPath = "$(HOME)/bin";
			productName = mirror;
			productReference = DCB4AAAF130F07A80004C7BF /* mirror */;
			productType = "com.apple.product-type.tool";
		};
/* End PBXNativeTarget section */

/* Begin PBXProject section */
		08FB7793FE84155DC02AAC07 /* Project object */ = {
			isa = PBXProject;
			buildConfigurationList = 1DEB923508733DC60010E9CD /* Build configuration list for PBXProject "mirror" */;
			compatibilityVersion = "Xcode 3.1";
			developmentRegion = English;
			hasScannedForEncodings = 1;
			knownRegions = (
				English,
				Japanese,
				French,
				German,
			);
			mainGroup = 08FB7794FE84155DC02AAC07 /* mirror */;
			productRefGroup = 08FB7794FE84155DC02AAC07 /* mirror */;
			projectDirPath = "";
			projectRoot = "";
			targets = (
				8DD76F620486A84900D96B5E /* mirror */,
			);
		};
/* End PBXProject section */

/* Begin PBXSourcesBuildPhase section */
		8DD76F640486A84900D96B5E /* Sources */ = {
			isa = PBXSourcesBuildPhase;
			buildActionMask = 2147483647;
			files = (
				DC4BEC03130C613C00BED0F7 /* objects.cpp in Sources */,
				DC3D9BA4130E962500A85AE2 /* first_sync.cpp in Sources */,
				DCB4AAB6130F247E0004C7BF /* mirror.cpp in Sources */,
				DC22B7BF13102B190057F173 /* rw_functions.cpp in Sources */,
				DC93699E1315859F0087E98A /* notificationMonitor.cpp in Sources */,
			);
			runOnlyForDeploymentPostprocessing = 0;
		};
/* End PBXSourcesBuildPhase section */

/* Begin XCBuildConfiguration section */
		1DEB923208733DC60010E9CD /* Debug */ = {
			isa = XCBuildConfiguration;
			buildSettings = {
				ALWAYS_SEARCH_USER_PATHS = NO;
				COPY_PHASE_STRIP = NO;
				GCC_DYNAMIC_NO_PIC = NO;
				GCC_ENABLE_FIX_AND_CONTINUE = YES;
				GCC_MODEL_TUNING = G5;
				GCC_OPTIMIZATION_LEVEL = 0;
				INSTALL_PATH = /usr/local/bin;
				PRODUCT_NAME = mirror;
			};
			name = Debug;
		};
		1DEB923308733DC60010E9CD /* Release */ = {
			isa = XCBuildConfiguration;
			buildSettings = {
				ALWAYS_SEARCH_USER_PATHS = NO;
				DEBUG_INFORMATION_FORMAT = "dwarf-with-dsym";
				GCC_MODEL_TUNING = G5;
				INSTALL_PATH = /usr/local/bin;
				PRODUCT_NAME = mirror;
			};
			name = Release;
		};
		1DEB923608733DC60010E9CD /* Debug */ = {
			isa = XCBuildConfiguration;
			buildSettings = {
				ARCHS = "$(ARCHS_STANDARD_32_64_BIT)";
				GCC_C_LANGUAGE_STANDARD = gnu99;
				GCC_OPTIMIZATION_LEVEL = 0;
				GCC_WARN_ABOUT_RETURN_TYPE = YES;
				GCC_WARN_UNUSED_VARIABLE = YES;
				ONLY_ACTIVE_ARCH = YES;
				PREBINDING = NO;
				SDKROOT = macosx10.6;
			};
			name = Debug;
		};
		1DEB923708733DC60010E9CD /* Release */ = {
			isa = XCBuildConfiguration;
			buildSettings = {
				ARCHS = "$(ARCHS_STANDARD_32_64_BIT)";
				GCC_C_LANGUAGE_STANDARD = gnu99;
				GCC_WARN_ABOUT_RETURN_TYPE = YES;
				GCC_WARN_UNUSED_VARIABLE = YES;
				PREBINDING = NO;
				SDKROOT = macosx10.6;
			};
			name = Release;
		};
/* End XCBuildConfiguration section */

/* Begin XCConfigurationList section */
		1DEB923108733DC60010E9CD /* Build configuration list for PBXNativeTarget "mirror" */ = {
			isa = XCConfigurationList;
			buildConfigurations = (
				1DEB923208733DC60010E9CD /* Debug */,
				1DEB923308733DC60010E9CD /* Release */,
			);
			defaultConfigurationIsVisible = 0;
			defaultConfigurationName = Release;
		};
		1DEB923508733DC60010E9CD /* Build configuration list for PBXProject "mirror" */ = {
			isa = XCConfigurationList;
			buildConfigurations = (
				1DEB923608733DC60010E9CD /* Debug */,
				1DEB923708733DC60010E9CD /* Release */,
			);
			defaultConfigurationIsVisible = 0;
			defaultConfigurationName = Release;
		};
/* End XCConfigurationList section */
	};
	rootObject = 08FB7793FE84155DC02AAC07 /* Project object */;
}
